// !$*UTF8*$!
{
	archiveVersion = 1;
	classes = {
	};
	objectVersion = 46;
	objects = {

/* Begin PBXBuildFile section */
		332018811906294700CBDE2E /* Foundation.framework in Frameworks */ = {isa = PBXBuildFile; fileRef = 332018801906294700CBDE2E /* Foundation.framework */; };
		332018831906294700CBDE2E /* CoreGraphics.framework in Frameworks */ = {isa = PBXBuildFile; fileRef = 332018821906294700CBDE2E /* CoreGraphics.framework */; };
		332018851906294700CBDE2E /* UIKit.framework in Frameworks */ = {isa = PBXBuildFile; fileRef = 332018841906294700CBDE2E /* UIKit.framework */; };
		3320188B1906294700CBDE2E /* InfoPlist.strings in Resources */ = {isa = PBXBuildFile; fileRef = 332018891906294700CBDE2E /* InfoPlist.strings */; };
		3320188D1906294700CBDE2E /* main.m in Sources */ = {isa = PBXBuildFile; fileRef = 3320188C1906294700CBDE2E /* main.m */; };
		332018911906294700CBDE2E /* AppDelegate.m in Sources */ = {isa = PBXBuildFile; fileRef = 332018901906294700CBDE2E /* AppDelegate.m */; };
		332018941906294700CBDE2E /* Main.storyboard in Resources */ = {isa = PBXBuildFile; fileRef = 332018921906294700CBDE2E /* Main.storyboard */; };
		332018971906294700CBDE2E /* ViewController.m in Sources */ = {isa = PBXBuildFile; fileRef = 332018961906294700CBDE2E /* ViewController.m */; };
		332018991906294700CBDE2E /* Images.xcassets in Resources */ = {isa = PBXBuildFile; fileRef = 332018981906294700CBDE2E /* Images.xcassets */; };
		332018A01906294700CBDE2E /* XCTest.framework in Frameworks */ = {isa = PBXBuildFile; fileRef = 3320189F1906294700CBDE2E /* XCTest.framework */; };
		332018A11906294700CBDE2E /* Foundation.framework in Frameworks */ = {isa = PBXBuildFile; fileRef = 332018801906294700CBDE2E /* Foundation.framework */; };
		332018A21906294700CBDE2E /* UIKit.framework in Frameworks */ = {isa = PBXBuildFile; fileRef = 332018841906294700CBDE2E /* UIKit.framework */; };
		332018AA1906294700CBDE2E /* InfoPlist.strings in Resources */ = {isa = PBXBuildFile; fileRef = 332018A81906294700CBDE2E /* InfoPlist.strings */; };
		332018AC1906294700CBDE2E /* Flappy_BirdTests.m in Sources */ = {isa = PBXBuildFile; fileRef = 332018AB1906294700CBDE2E /* Flappy_BirdTests.m */; };
		332018B919062CDA00CBDE2E /* Background.png in Resources */ = {isa = PBXBuildFile; fileRef = 332018B519062CDA00CBDE2E /* Background.png */; };
		332018BA19062CDA00CBDE2E /* BirdDown.png in Resources */ = {isa = PBXBuildFile; fileRef = 332018B619062CDA00CBDE2E /* BirdDown.png */; };
		332018BB19062CDA00CBDE2E /* Tunnel.png in Resources */ = {isa = PBXBuildFile; fileRef = 332018B719062CDA00CBDE2E /* Tunnel.png */; };
		332018BC19062CDA00CBDE2E /* BirdUp.png in Resources */ = {isa = PBXBuildFile; fileRef = 332018B819062CDA00CBDE2E /* BirdUp.png */; };
		332018BE19062F3400CBDE2E /* Lauchimage.png in Resources */ = {isa = PBXBuildFile; fileRef = 332018BD19062F3400CBDE2E /* Lauchimage.png */; };
		332018C11906369800CBDE2E /* GameViewController.m in Sources */ = {isa = PBXBuildFile; fileRef = 332018C01906369800CBDE2E /* GameViewController.m */; };
/* End PBXBuildFile section */

/* Begin PBXContainerItemProxy section */
		332018A31906294700CBDE2E /* PBXContainerItemProxy */ = {
			isa = PBXContainerItemProxy;
			containerPortal = 332018751906294700CBDE2E /* Project object */;
			proxyType = 1;
			remoteGlobalIDString = 3320187C1906294700CBDE2E;
			remoteInfo = "Flappy Bird";
		};
/* End PBXContainerItemProxy section */

/* Begin PBXFileReference section */
		3320187D1906294700CBDE2E /* Flappy Bird.app */ = {isa = PBXFileReference; explicitFileType = wrapper.application; includeInIndex = 0; path = "Flappy Bird.app"; sourceTree = BUILT_PRODUCTS_DIR; };
		332018801906294700CBDE2E /* Foundation.framework */ = {isa = PBXFileReference; lastKnownFileType = wrapper.framework; name = Foundation.framework; path = System/Library/Frameworks/Foundation.framework; sourceTree = SDKROOT; };
		332018821906294700CBDE2E /* CoreGraphics.framework */ = {isa = PBXFileReference; lastKnownFileType = wrapper.framework; name = CoreGraphics.framework; path = System/Library/Frameworks/CoreGraphics.framework; sourceTree = SDKROOT; };
		332018841906294700CBDE2E /* UIKit.framework */ = {isa = PBXFileReference; lastKnownFileType = wrapper.framework; name = UIKit.framework; path = System/Library/Frameworks/UIKit.framework; sourceTree = SDKROOT; };
		332018881906294700CBDE2E /* Flappy Bird-Info.plist */ = {isa = PBXFileReference; lastKnownFileType = text.plist.xml; path = "Flappy Bird-Info.plist"; sourceTree = "<group>"; };
		3320188A1906294700CBDE2E /* en */ = {isa = PBXFileReference; lastKnownFileType = text.plist.strings; name = en; path = en.lproj/InfoPlist.strings; sourceTree = "<group>"; };
		3320188C1906294700CBDE2E /* main.m */ = {isa = PBXFileReference; lastKnownFileType = sourcecode.c.objc; path = main.m; sourceTree = "<group>"; };
		3320188E1906294700CBDE2E /* Flappy Bird-Prefix.pch */ = {isa = PBXFileReference; lastKnownFileType = sourcecode.c.h; path = "Flappy Bird-Prefix.pch"; sourceTree = "<group>"; };
		3320188F1906294700CBDE2E /* AppDelegate.h */ = {isa = PBXFileReference; lastKnownFileType = sourcecode.c.h; path = AppDelegate.h; sourceTree = "<group>"; };
		332018901906294700CBDE2E /* AppDelegate.m */ = {isa = PBXFileReference; lastKnownFileType = sourcecode.c.objc; path = AppDelegate.m; sourceTree = "<group>"; };
		332018931906294700CBDE2E /* Base */ = {isa = PBXFileReference; lastKnownFileType = file.storyboard; name = Base; path = Base.lproj/Main.storyboard; sourceTree = "<group>"; };
		332018951906294700CBDE2E /* ViewController.h */ = {isa = PBXFileReference; lastKnownFileType = sourcecode.c.h; path = ViewController.h; sourceTree = "<group>"; };
		332018961906294700CBDE2E /* ViewController.m */ = {isa = PBXFileReference; lastKnownFileType = sourcecode.c.objc; path = ViewController.m; sourceTree = "<group>"; };
		332018981906294700CBDE2E /* Images.xcassets */ = {isa = PBXFileReference; lastKnownFileType = folder.assetcatalog; path = Images.xcassets; sourceTree = "<group>"; };
		3320189E1906294700CBDE2E /* Flappy BirdTests.xctest */ = {isa = PBXFileReference; explicitFileType = wrapper.cfbundle; includeInIndex = 0; path = "Flappy BirdTests.xctest"; sourceTree = BUILT_PRODUCTS_DIR; };
		3320189F1906294700CBDE2E /* XCTest.framework */ = {isa = PBXFileReference; lastKnownFileType = wrapper.framework; name = XCTest.framework; path = Library/Frameworks/XCTest.framework; sourceTree = DEVELOPER_DIR; };
		332018A71906294700CBDE2E /* Flappy BirdTests-Info.plist */ = {isa = PBXFileReference; lastKnownFileType = text.plist.xml; path = "Flappy BirdTests-Info.plist"; sourceTree = "<group>"; };
		332018A91906294700CBDE2E /* en */ = {isa = PBXFileReference; lastKnownFileType = text.plist.strings; name = en; path = en.lproj/InfoPlist.strings; sourceTree = "<group>"; };
		332018AB1906294700CBDE2E /* Flappy_BirdTests.m */ = {isa = PBXFileReference; lastKnownFileType = sourcecode.c.objc; path = Flappy_BirdTests.m; sourceTree = "<group>"; };
		332018B519062CDA00CBDE2E /* Background.png */ = {isa = PBXFileReference; lastKnownFileType = image.png; path = Background.png; sourceTree = "<group>"; };
		332018B619062CDA00CBDE2E /* BirdDown.png */ = {isa = PBXFileReference; lastKnownFileType = image.png; path = BirdDown.png; sourceTree = "<group>"; };
		332018B719062CDA00CBDE2E /* Tunnel.png */ = {isa = PBXFileReference; lastKnownFileType = image.png; path = Tunnel.png; sourceTree = "<group>"; };
		332018B819062CDA00CBDE2E /* BirdUp.png */ = {isa = PBXFileReference; lastKnownFileType = image.png; path = BirdUp.png; sourceTree = "<group>"; };
		332018BD19062F3400CBDE2E /* Lauchimage.png */ = {isa = PBXFileReference; lastKnownFileType = image.png; path = Lauchimage.png; sourceTree = "<group>"; };
		332018BF1906369800CBDE2E /* GameViewController.h */ = {isa = PBXFileReference; fileEncoding = 4; lastKnownFileType = sourcecode.c.h; name = GameViewController.h; path = ../GameViewController.h; sourceTree = "<group>"; };
		332018C01906369800CBDE2E /* GameViewController.m */ = {isa = PBXFileReference; fileEncoding = 4; lastKnownFileType = sourcecode.c.objc; name = GameViewController.m; path = ../GameViewController.m; sourceTree = "<group>"; };
/* End PBXFileReference section */

/* Begin PBXFrameworksBuildPhase section */
		3320187A1906294700CBDE2E /* Frameworks */ = {
			isa = PBXFrameworksBuildPhase;
			buildActionMask = 2147483647;
			files = (
				332018831906294700CBDE2E /* CoreGraphics.framework in Frameworks */,
				332018851906294700CBDE2E /* UIKit.framework in Frameworks */,
				332018811906294700CBDE2E /* Foundation.framework in Frameworks */,
			);
			runOnlyForDeploymentPostprocessing = 0;
		};
		3320189B1906294700CBDE2E /* Frameworks */ = {
			isa = PBXFrameworksBuildPhase;
			buildActionMask = 2147483647;
			files = (
				332018A01906294700CBDE2E /* XCTest.framework in Frameworks */,
				332018A21906294700CBDE2E /* UIKit.framework in Frameworks */,
				332018A11906294700CBDE2E /* Foundation.framework in Frameworks */,
			);
			runOnlyForDeploymentPostprocessing = 0;
		};
/* End PBXFrameworksBuildPhase section */

/* Begin PBXGroup section */
		332018741906294700CBDE2E = {
			isa = PBXGroup;
			children = (
				332018861906294700CBDE2E /* Flappy Bird */,
				332018A51906294700CBDE2E /* Flappy BirdTests */,
				3320187F1906294700CBDE2E /* Frameworks */,
				3320187E1906294700CBDE2E /* Products */,
			);
			sourceTree = "<group>";
		};
		3320187E1906294700CBDE2E /* Products */ = {
			isa = PBXGroup;
			children = (
				3320187D1906294700CBDE2E /* Flappy Bird.app */,
				3320189E1906294700CBDE2E /* Flappy BirdTests.xctest */,
			);
			name = Products;
			sourceTree = "<group>";
		};
		3320187F1906294700CBDE2E /* Frameworks */ = {
			isa = PBXGroup;
			children = (
				332018801906294700CBDE2E /* Foundation.framework */,
				332018821906294700CBDE2E /* CoreGraphics.framework */,
				332018841906294700CBDE2E /* UIKit.framework */,
				3320189F1906294700CBDE2E /* XCTest.framework */,
			);
			name = Frameworks;
			sourceTree = "<group>";
		};
		332018861906294700CBDE2E /* Flappy Bird */ = {
			isa = PBXGroup;
			children = (
				3320188F1906294700CBDE2E /* AppDelegate.h */,
				332018901906294700CBDE2E /* AppDelegate.m */,
				332018921906294700CBDE2E /* Main.storyboard */,
				332018951906294700CBDE2E /* ViewController.h */,
				332018961906294700CBDE2E /* ViewController.m */,
				332018BF1906369800CBDE2E /* GameViewController.h */,
				332018C01906369800CBDE2E /* GameViewController.m */,
				332018981906294700CBDE2E /* Images.xcassets */,
				332018871906294700CBDE2E /* Supporting Files */,
			);
			path = "Flappy Bird";
			sourceTree = "<group>";
		};
		332018871906294700CBDE2E /* Supporting Files */ = {
			isa = PBXGroup;
			children = (
				332018BD19062F3400CBDE2E /* Lauchimage.png */,
				332018B519062CDA00CBDE2E /* Background.png */,
				332018B619062CDA00CBDE2E /* BirdDown.png */,
				332018B719062CDA00CBDE2E /* Tunnel.png */,
				332018B819062CDA00CBDE2E /* BirdUp.png */,
				332018881906294700CBDE2E /* Flappy Bird-Info.plist */,
				332018891906294700CBDE2E /* InfoPlist.strings */,
				3320188C1906294700CBDE2E /* main.m */,
				3320188E1906294700CBDE2E /* Flappy Bird-Prefix.pch */,
			);
			name = "Supporting Files";
			sourceTree = "<group>";
		};
		332018A51906294700CBDE2E /* Flappy BirdTests */ = {
			isa = PBXGroup;
			children = (
				332018AB1906294700CBDE2E /* Flappy_BirdTests.m */,
				332018A61906294700CBDE2E /* Supporting Files */,
			);
			path = "Flappy BirdTests";
			sourceTree = "<group>";
		};
		332018A61906294700CBDE2E /* Supporting Files */ = {
			isa = PBXGroup;
			children = (
				332018A71906294700CBDE2E /* Flappy BirdTests-Info.plist */,
				332018A81906294700CBDE2E /* InfoPlist.strings */,
			);
			name = "Supporting Files";
			sourceTree = "<group>";
		};
/* End PBXGroup section */

/* Begin PBXNativeTarget section */
		3320187C1906294700CBDE2E /* Flappy Bird */ = {
			isa = PBXNativeTarget;
			buildConfigurationList = 332018AF1906294700CBDE2E /* Build configuration list for PBXNativeTarget "Flappy Bird" */;
			buildPhases = (
				332018791906294700CBDE2E /* Sources */,
				3320187A1906294700CBDE2E /* Frameworks */,
				3320187B1906294700CBDE2E /* Resources */,
			);
			buildRules = (
			);
			dependencies = (
			);
			name = "Flappy Bird";
			productName = "Flappy Bird";
			productReference = 3320187D1906294700CBDE2E /* Flappy Bird.app */;
			productType = "com.apple.product-type.application";
		};
		3320189D1906294700CBDE2E /* Flappy BirdTests */ = {
			isa = PBXNativeTarget;
			buildConfigurationList = 332018B21906294700CBDE2E /* Build configuration list for PBXNativeTarget "Flappy BirdTests" */;
			buildPhases = (
				3320189A1906294700CBDE2E /* Sources */,
				3320189B1906294700CBDE2E /* Frameworks */,
				3320189C1906294700CBDE2E /* Resources */,
			);
			buildRules = (
			);
			dependencies = (
				332018A41906294700CBDE2E /* PBXTargetDependency */,
			);
			name = "Flappy BirdTests";
			productName = "Flappy BirdTests";
			productReference = 3320189E1906294700CBDE2E /* Flappy BirdTests.xctest */;
			productType = "com.apple.product-type.bundle.unit-test";
		};
/* End PBXNativeTarget section */

/* Begin PBXProject section */
		332018751906294700CBDE2E /* Project object */ = {
			isa = PBXProject;
			attributes = {
				LastUpgradeCheck = 0720;
				ORGANIZATIONNAME = "James Wu";
				TargetAttributes = {
					3320189D1906294700CBDE2E = {
						TestTargetID = 3320187C1906294700CBDE2E;
					};
				};
			};
			buildConfigurationList = 332018781906294700CBDE2E /* Build configuration list for PBXProject "Flappy Bird" */;
			compatibilityVersion = "Xcode 3.2";
			developmentRegion = English;
			hasScannedForEncodings = 0;
			knownRegions = (
				en,
				Base,
			);
			mainGroup = 332018741906294700CBDE2E;
			productRefGroup = 3320187E1906294700CBDE2E /* Products */;
			projectDirPath = "";
			projectRoot = "";
			targets = (
				3320187C1906294700CBDE2E /* Flappy Bird */,
				3320189D1906294700CBDE2E /* Flappy BirdTests */,
			);
		};
/* End PBXProject section */

/* Begin PBXResourcesBuildPhase section */
		3320187B1906294700CBDE2E /* Resources */ = {
			isa = PBXResourcesBuildPhase;
			buildActionMask = 2147483647;
			files = (
				332018991906294700CBDE2E /* Images.xcassets in Resources */,
				332018B919062CDA00CBDE2E /* Background.png in Resources */,
				332018BE19062F3400CBDE2E /* Lauchimage.png in Resources */,
				332018BB19062CDA00CBDE2E /* Tunnel.png in Resources */,
				332018BC19062CDA00CBDE2E /* BirdUp.png in Resources */,
				3320188B1906294700CBDE2E /* InfoPlist.strings in Resources */,
				332018BA19062CDA00CBDE2E /* BirdDown.png in Resources */,
				332018941906294700CBDE2E /* Main.storyboard in Resources */,
			);
			runOnlyForDeploymentPostprocessing = 0;
		};
		3320189C1906294700CBDE2E /* Resources */ = {
			isa = PBXResourcesBuildPhase;
			buildActionMask = 2147483647;
			files = (
				332018AA1906294700CBDE2E /* InfoPlist.strings in Resources */,
			);
			runOnlyForDeploymentPostprocessing = 0;
		};
/* End PBXResourcesBuildPhase section */

/* Begin PBXSourcesBuildPhase section */
		332018791906294700CBDE2E /* Sources */ = {
			isa = PBXSourcesBuildPhase;
			buildActionMask = 2147483647;
			files = (
				332018C11906369800CBDE2E /* GameViewController.m in Sources */,
				332018971906294700CBDE2E /* ViewController.m in Sources */,
				332018911906294700CBDE2E /* AppDelegate.m in Sources */,
				3320188D1906294700CBDE2E /* main.m in Sources */,
			);
			runOnlyForDeploymentPostprocessing = 0;
		};
		3320189A1906294700CBDE2E /* Sources */ = {
			isa = PBXSourcesBuildPhase;
			buildActionMask = 2147483647;
			files = (
				332018AC1906294700CBDE2E /* Flappy_BirdTests.m in Sources */,
			);
			runOnlyForDeploymentPostprocessing = 0;
		};
/* End PBXSourcesBuildPhase section */

/* Begin PBXTargetDependency section */
		332018A41906294700CBDE2E /* PBXTargetDependency */ = {
			isa = PBXTargetDependency;
			target = 3320187C1906294700CBDE2E /* Flappy Bird */;
			targetProxy = 332018A31906294700CBDE2E /* PBXContainerItemProxy */;
		};
/* End PBXTargetDependency section */

/* Begin PBXVariantGroup section */
		332018891906294700CBDE2E /* InfoPlist.strings */ = {
			isa = PBXVariantGroup;
			children = (
				3320188A1906294700CBDE2E /* en */,
			);
			name = InfoPlist.strings;
			sourceTree = "<group>";
		};
		332018921906294700CBDE2E /* Main.storyboard */ = {
			isa = PBXVariantGroup;
			children = (
				332018931906294700CBDE2E /* Base */,
			);
			name = Main.storyboard;
			sourceTree = "<group>";
		};
		332018A81906294700CBDE2E /* InfoPlist.strings */ = {
			isa = PBXVariantGroup;
			children = (
				332018A91906294700CBDE2E /* en */,
			);
			name = InfoPlist.strings;
			sourceTree = "<group>";
		};
/* End PBXVariantGroup section */

/* Begin XCBuildConfiguration section */
		332018AD1906294700CBDE2E /* Debug */ = {
			isa = XCBuildConfiguration;
			buildSettings = {
				ALWAYS_SEARCH_USER_PATHS = NO;
				CLANG_CXX_LANGUAGE_STANDARD = "gnu++0x";
				CLANG_CXX_LIBRARY = "libc++";
				CLANG_ENABLE_MODULES = YES;
				CLANG_ENABLE_OBJC_ARC = YES;
				CLANG_WARN_BOOL_CONVERSION = YES;
				CLANG_WARN_CONSTANT_CONVERSION = YES;
				CLANG_WARN_DIRECT_OBJC_ISA_USAGE = YES_ERROR;
				CLANG_WARN_EMPTY_BODY = YES;
				CLANG_WARN_ENUM_CONVERSION = YES;
				CLANG_WARN_INT_CONVERSION = YES;
				CLANG_WARN_OBJC_ROOT_CLASS = YES_ERROR;
				CLANG_WARN__DUPLICATE_METHOD_MATCH = YES;
				"CODE_SIGN_IDENTITY[sdk=iphoneos*]" = "iPhone Developer";
				COPY_PHASE_STRIP = NO;
				ENABLE_TESTABILITY = YES;
				GCC_C_LANGUAGE_STANDARD = gnu99;
				GCC_DYNAMIC_NO_PIC = NO;
				GCC_OPTIMIZATION_LEVEL = 0;
				GCC_PREPROCESSOR_DEFINITIONS = (
					"DEBUG=1",
					"$(inherited)",
				);
				GCC_SYMBOLS_PRIVATE_EXTERN = NO;
				GCC_WARN_64_TO_32_BIT_CONVERSION = YES;
				GCC_WARN_ABOUT_RETURN_TYPE = YES_ERROR;
				GCC_WARN_UNDECLARED_SELECTOR = YES;
				GCC_WARN_UNINITIALIZED_AUTOS = YES_AGGRESSIVE;
				GCC_WARN_UNUSED_FUNCTION = YES;
				GCC_WARN_UNUSED_VARIABLE = YES;
				IPHONEOS_DEPLOYMENT_TARGET = 7.1;
				ONLY_ACTIVE_ARCH = YES;
				SDKROOT = iphoneos;
			};
			name = Debug;
		};
		332018AE1906294700CBDE2E /* Release */ = {
			isa = XCBuildConfiguration;
			buildSettings = {
				ALWAYS_SEARCH_USER_PATHS = NO;
				CLANG_CXX_LANGUAGE_STANDARD = "gnu++0x";
				CLANG_CXX_LIBRARY = "libc++";
				CLANG_ENABLE_MODULES = YES;
				CLANG_ENABLE_OBJC_ARC = YES;
				CLANG_WARN_BOOL_CONVERSION = YES;
				CLANG_WARN_CONSTANT_CONVERSION = YES;
				CLANG_WARN_DIRECT_OBJC_ISA_USAGE = YES_ERROR;
				CLANG_WARN_EMPTY_BODY = YES;
				CLANG_WARN_ENUM_CONVERSION = YES;
				CLANG_WARN_INT_CONVERSION = YES;
				CLANG_WARN_OBJC_ROOT_CLASS = YES_ERROR;
				CLANG_WARN__DUPLICATE_METHOD_MATCH = YES;
				"CODE_SIGN_IDENTITY[sdk=iphoneos*]" = "iPhone Developer";
				COPY_PHASE_STRIP = YES;
				ENABLE_NS_ASSERTIONS = NO;
				GCC_C_LANGUAGE_STANDARD = gnu99;
				GCC_WARN_64_TO_32_BIT_CONVERSION = YES;
				GCC_WARN_ABOUT_RETURN_TYPE = YES_ERROR;
				GCC_WARN_UNDECLARED_SELECTOR = YES;
				GCC_WARN_UNINITIALIZED_AUTOS = YES_AGGRESSIVE;
				GCC_WARN_UNUSED_FUNCTION = YES;
				GCC_WARN_UNUSED_VARIABLE = YES;
				IPHONEOS_DEPLOYMENT_TARGET = 7.1;
				SDKROOT = iphoneos;
				VALIDATE_PRODUCT = YES;
			};
			name = Release;
		};
		332018B01906294700CBDE2E /* Debug */ = {
			isa = XCBuildConfiguration;
			buildSettings = {
				ASSETCATALOG_COMPILER_APPICON_NAME = AppIcon;
				ASSETCATALOG_COMPILER_LAUNCHIMAGE_NAME = LaunchImage;
				GCC_PRECOMPILE_PREFIX_HEADER = YES;
				GCC_PREFIX_HEADER = "Flappy Bird/Flappy Bird-Prefix.pch";
				INFOPLIST_FILE = "Flappy Bird/Flappy Bird-Info.plist";
				PRODUCT_BUNDLE_IDENTIFIER = "James-WU.${PRODUCT_NAME:rfc1034identifier}";
				PRODUCT_NAME = "$(TARGET_NAME)";
				WRAPPER_EXTENSION = app;
			};
			name = Debug;
		};
		332018B11906294700CBDE2E /* Release */ = {
			isa = XCBuildConfiguration;
			buildSettings = {
				ASSETCATALOG_COMPILER_APPICON_NAME = AppIcon;
				ASSETCATALOG_COMPILER_LAUNCHIMAGE_NAME = LaunchImage;
				GCC_PRECOMPILE_PREFIX_HEADER = YES;
				GCC_PREFIX_HEADER = "Flappy Bird/Flappy Bird-Prefix.pch";
				INFOPLIST_FILE = "Flappy Bird/Flappy Bird-Info.plist";
				PRODUCT_BUNDLE_IDENTIFIER = "James-WU.${PRODUCT_NAME:rfc1034identifier}";
				PRODUCT_NAME = "$(TARGET_NAME)";
				WRAPPER_EXTENSION = app;
			};
			name = Release;
		};
		332018B31906294700CBDE2E /* Debug */ = {
			isa = XCBuildConfiguration;
			buildSettings = {
				BUNDLE_LOADER = "$(BUILT_PRODUCTS_DIR)/Flappy Bird.app/Flappy Bird";
				FRAMEWORK_SEARCH_PATHS = (
					"$(SDKROOT)/Developer/Library/Frameworks",
					"$(inherited)",
					"$(DEVELOPER_FRAMEWORKS_DIR)",
				);
				GCC_PRECOMPILE_PREFIX_HEADER = YES;
				GCC_PREFIX_HEADER = "Flappy Bird/Flappy Bird-Prefix.pch";
				GCC_PREPROCESSOR_DEFINITIONS = (
					"DEBUG=1",
					"$(inherited)",
				);
				INFOPLIST_FILE = "Flappy BirdTests/Flappy BirdTests-Info.plist";
				PRODUCT_BUNDLE_IDENTIFIER = "James-WU.${PRODUCT_NAME:rfc1034identifier}";
				PRODUCT_NAME = "$(TARGET_NAME)";
				TEST_HOST = "$(BUNDLE_LOADER)";
				WRAPPER_EXTENSION = xctest;
			};
			name = Debug;
		};
		332018B41906294700CBDE2E /* Release */ = {
			isa = XCBuildConfiguration;
			buildSettings = {
				BUNDLE_LOADER = "$(BUILT_PRODUCTS_DIR)/Flappy Bird.app/Flappy Bird";
				FRAMEWORK_SEARCH_PATHS = (
					"$(SDKROOT)/Developer/Library/Frameworks",
					"$(inherited)",
					"$(DEVELOPER_FRAMEWORKS_DIR)",
				);
				GCC_PRECOMPILE_PREFIX_HEADER = YES;
				GCC_PREFIX_HEADER = "Flappy Bird/Flappy Bird-Prefix.pch";
				INFOPLIST_FILE = "Flappy BirdTests/Flappy BirdTests-Info.plist";
				PRODUCT_BUNDLE_IDENTIFIER = "James-WU.${PRODUCT_NAME:rfc1034identifier}";
				PRODUCT_NAME = "$(TARGET_NAME)";
				TEST_HOST = "$(BUNDLE_LOADER)";
				WRAPPER_EXTENSION = xctest;
			};
			name = Release;
		};
/* End XCBuildConfiguration section */

/* Begin XCConfigurationList section */
		332018781906294700CBDE2E /* Build configuration list for PBXProject "Flappy Bird" */ = {
			isa = XCConfigurationList;
			buildConfigurations = (
				332018AD1906294700CBDE2E /* Debug */,
				332018AE1906294700CBDE2E /* Release */,
			);
			defaultConfigurationIsVisible = 0;
			defaultConfigurationName = Release;
		};
		332018AF1906294700CBDE2E /* Build configuration list for PBXNativeTarget "Flappy Bird" */ = {
			isa = XCConfigurationList;
			buildConfigurations = (
				332018B01906294700CBDE2E /* Debug */,
				332018B11906294700CBDE2E /* Release */,
			);
			defaultConfigurationIsVisible = 0;
			defaultConfigurationName = Release;
		};
		332018B21906294700CBDE2E /* Build configuration list for PBXNativeTarget "Flappy BirdTests" */ = {
			isa = XCConfigurationList;
			buildConfigurations = (
				332018B31906294700CBDE2E /* Debug */,
				332018B41906294700CBDE2E /* Release */,
			);
			defaultConfigurationIsVisible = 0;
			defaultConfigurationName = Release;
		};
/* End XCConfigurationList section */
	};
	rootObject = 332018751906294700CBDE2E /* Project object */;
}
